{
  "requires": true,
  "lockfileVersion": 1,
  "dependencies": {
    "sweetalert2": {
      "version": "7.24.3",
      "resolved": "https://registry.npmjs.org/sweetalert2/-/sweetalert2-7.24.3.tgz",
      "integrity": "sha512-aC4KIzdA8H464tFqMO3Yk1CJkk5o8lLkIKHVlNTN9KnTzvT6n9yUUZ4em3biqnhln3KIxgu8ZXgpWuIUr6pukg=="
    }
  }
}
